
Microsoft Visual Studio Solution File, Format Version 12.00
# Visual Studio Version 17
VisualStudioVersion = 17.0.31903.59
MinimumVisualStudioVersion = 10.0.40219.1
Project("{FAE04EC0-301F-11D3-BF4B-00C04F79EFBC}") = "VasilievApp", "VasilievApp.csproj", "{32FABA20-01E6-40FB-A900-71F5F3EEDADA}"
EndProject
Project("{FAE04EC0-301F-11D3-BF4B-00C04F79EFBC}") = "OddEven", "OddEven\OddEven.csproj", "{CC8B8F39-4AEE-4777-A57D-D5AB688F5EC0}"
EndProject
Project("{FAE04EC0-301F-11D3-BF4B-00C04F79EFBC}") = "Hundreds", "Hundreds\Hundreds.csproj", "{772B10ED-2FA7-4E75-91F8-FE1A145F24E5}"
EndProject
Project("{FAE04EC0-301F-11D3-BF4B-00C04F79EFBC}") = "UsingIf", "UsingIf\UsingIf.csproj", "{C5395190-446C-4EC8-8BBC-8DDF975B97BF}"
EndProject
Project("{FAE04EC0-301F-11D3-BF4B-00C04F79EFBC}") = "AnotherIf", "AnotherIf\AnotherIf.csproj", "{969D3FB1-EB30-4A7E-9099-531DDD70238D}"
EndProject
Project("{FAE04EC0-301F-11D3-BF4B-00C04F79EFBC}") = "NestedIf", "NestedIf\NestedIf.csproj", "{A2AFC4F4-7FBB-424E-913B-8542F574902E}"
EndProject
Project("{FAE04EC0-301F-11D3-BF4B-00C04F79EFBC}") = "AnotherNestedIf", "AnotherNestedIf\AnotherNestedIf.csproj", "{BB220025-7C91-4C09-A4ED-C2BE3489413D}"
EndProject
Project("{FAE04EC0-301F-11D3-BF4B-00C04F79EFBC}") = "AnotherSwitch", "AnotherSwitch\AnotherSwitch.csproj", "{6E3EA73A-718E-4A9D-BE98-2269242C5FCC}"
EndProject
Project("{FAE04EC0-301F-11D3-BF4B-00C04F79EFBC}") = "Switch", "Switch\Switch.csproj", "{1C38CE12-619A-4761-8607-BAE9D7F7C197}"
EndProject
Project("{FAE04EC0-301F-11D3-BF4B-00C04F79EFBC}") = "While", "While\While.csproj", "{A8E353E4-ACA3-43CA-A3B0-7D18B0D8E7D2}"
EndProject
Project("{FAE04EC0-301F-11D3-BF4B-00C04F79EFBC}") = "AnotherWhile", "AnotherWhile\AnotherWhile.csproj", "{3A563956-8C39-4776-BE5F-D435003DB2EB}"
EndProject
Project("{FAE04EC0-301F-11D3-BF4B-00C04F79EFBC}") = "DoWhile", "DoWhile\DoWhile.csproj", "{6C5979DF-B87B-421D-BE25-853CAAEBBC0A}"
EndProject
Project("{FAE04EC0-301F-11D3-BF4B-00C04F79EFBC}") = "For", "For\For.csproj", "{27DE1125-E192-4A1C-ABB1-4E3ED8310862}"
EndProject
Project("{FAE04EC0-301F-11D3-BF4B-00C04F79EFBC}") = "ForTwo", "ForTwo\ForTwo.csproj", "{CAAA5AB6-F907-4B49-9221-5953A84F5F42}"
EndProject
Project("{FAE04EC0-301F-11D3-BF4B-00C04F79EFBC}") = "ForThreee", "ForThreee\ForThreee.csproj", "{22CB4256-92BF-40E2-896A-6D3B2661E415}"
EndProject
Project("{FAE04EC0-301F-11D3-BF4B-00C04F79EFBC}") = "ForFour", "ForFour\ForFour.csproj", "{27CC8DA0-4033-4ABD-B7D3-3FBA3320BD87}"
EndProject
Project("{FAE04EC0-301F-11D3-BF4B-00C04F79EFBC}") = "ForFive", "ForFive\ForFive.csproj", "{35D3D989-265D-451E-952F-B07BE926D02F}"
EndProject
Project("{FAE04EC0-301F-11D3-BF4B-00C04F79EFBC}") = "Goto", "Goto\Goto.csproj", "{B0EC8FE1-AA73-401F-88A3-9F56DC4E9ECF}"
EndProject
Project("{FAE04EC0-301F-11D3-BF4B-00C04F79EFBC}") = "TryCatch", "TryCatch\TryCatch.csproj", "{FE5FFF47-4A36-4F29-8281-7A22D59568CB}"
EndProject
Project("{FAE04EC0-301F-11D3-BF4B-00C04F79EFBC}") = "IntArray", "IntArray\IntArray.csproj", "{BB0CFA89-8A88-48C0-AD46-81BECB4CAF70}"
EndProject
Project("{FAE04EC0-301F-11D3-BF4B-00C04F79EFBC}") = "CharArray", "CharArray\CharArray.csproj", "{106753C3-55B9-4115-AD95-DC638FE95DD7}"
EndProject
Project("{FAE04EC0-301F-11D3-BF4B-00C04F79EFBC}") = "InitArray", "InitArray\InitArray.csproj", "{13CBBA20-E4A6-44AB-8515-10AAE189FC3F}"
EndProject
Project("{FAE04EC0-301F-11D3-BF4B-00C04F79EFBC}") = "CopyArray", "CopyArray\CopyArray.csproj", "{99106937-461E-4981-BF58-2FA01E65750B}"
EndProject
Project("{FAE04EC0-301F-11D3-BF4B-00C04F79EFBC}") = "MaxElement", "MaxElement\MaxElement.csproj", "{F4436DD3-0D3D-4CF9-B1CC-AADC3A7CF06A}"
EndProject
Project("{FAE04EC0-301F-11D3-BF4B-00C04F79EFBC}") = "SortArray", "SortArray\SortArray.csproj", "{8A419960-1004-437F-B8F8-11F6CF1951C1}"
EndProject
Project("{FAE04EC0-301F-11D3-BF4B-00C04F79EFBC}") = "Foreach", "Foreach\Foreach.csproj", "{420D600F-0DB1-43A6-BB68-200458DBA384}"
EndProject
Project("{FAE04EC0-301F-11D3-BF4B-00C04F79EFBC}") = "TwoDimArray", "TwoDimArray\TwoDimArray.csproj", "{04295730-F640-465E-96FD-D4CF1A4A4FAD}"
EndProject
Project("{FAE04EC0-301F-11D3-BF4B-00C04F79EFBC}") = "InitTwoDimArray", "InitTwoDimArray\InitTwoDimArray.csproj", "{72AC8903-6DF6-4E1C-A3DF-EA7CC9F11089}"
EndProject
Project("{FAE04EC0-301F-11D3-BF4B-00C04F79EFBC}") = "MultiDimArray", "MultiDimArray\MultiDimArray.csproj", "{C05755B0-CA02-4F62-AEFE-82501C627519}"
EndProject
Project("{FAE04EC0-301F-11D3-BF4B-00C04F79EFBC}") = "AnotherTwoDimArray", "AnotherTwoDimArray\AnotherTwoDimArray.csproj", "{4E55C592-50F0-4BBB-961C-F95608A25B53}"
EndProject
Project("{FAE04EC0-301F-11D3-BF4B-00C04F79EFBC}") = "ObjectArray", "ObjectArray\ObjectArray.csproj", "{6966D3DE-0108-465C-96CE-2D3E9D9A727F}"
EndProject
Project("{FAE04EC0-301F-11D3-BF4B-00C04F79EFBC}") = "ProgArgs", "ProgArgs\ProgArgs.csproj", "{F83C9F66-317C-44B8-80EB-364D49FA2815}"
EndProject
Project("{FAE04EC0-301F-11D3-BF4B-00C04F79EFBC}") = "StatMeth", "StatMeth\StatMeth.csproj", "{D675E0EA-90FF-45E0-987E-05D5A51C0D65}"
EndProject
Project("{FAE04EC0-301F-11D3-BF4B-00C04F79EFBC}") = "OverloadMethod", "OverloadMethod\OverloadMethod.csproj", "{DE189B05-926E-4A04-96D5-584F4C08E390}"
EndProject
Project("{FAE04EC0-301F-11D3-BF4B-00C04F79EFBC}") = "ArrayToMeth", "ArrayToMeth\ArrayToMeth.csproj", "{F88FC338-F4C8-4E9F-A979-172DCC8D4E85}"
EndProject
Project("{FAE04EC0-301F-11D3-BF4B-00C04F79EFBC}") = "ArrayFromMeth", "ArrayFromMeth\ArrayFromMeth.csproj", "{91536D66-E559-4447-B561-3DE4B96EC983}"
EndProject
Project("{FAE04EC0-301F-11D3-BF4B-00C04F79EFBC}") = "Args", "Args\Args.csproj", "{D85B3937-476D-4C2B-9373-D51C450B4C7E}"
EndProject
Project("{FAE04EC0-301F-11D3-BF4B-00C04F79EFBC}") = "RefArgs", "RefArgs\RefArgs.csproj", "{99656A0E-35B1-4C4E-AF1B-94A0CF59A6E1}"
EndProject
Project("{FAE04EC0-301F-11D3-BF4B-00C04F79EFBC}") = "UsingOut", "UsingOut\UsingOut.csproj", "{EFE48B5F-80F5-415E-AB75-49BB84443248}"
EndProject
Project("{FAE04EC0-301F-11D3-BF4B-00C04F79EFBC}") = "Recursion", "Recursion\Recursion.csproj", "{331339B7-58B4-48B3-B211-199D1002BE18}"
EndProject
Project("{FAE04EC0-301F-11D3-BF4B-00C04F79EFBC}") = "Params", "Params\Params.csproj", "{9FD33A3F-9D8E-4CCF-BF0B-A20941D1EF03}"
EndProject
Project("{FAE04EC0-301F-11D3-BF4B-00C04F79EFBC}") = "MainMeth", "MainMeth\MainMeth.csproj", "{D2B53AE9-6BE8-4F75-A800-9C53E2F2F2E1}"
EndProject
Project("{FAE04EC0-301F-11D3-BF4B-00C04F79EFBC}") = "UsingObjs", "UsingObjs\UsingObjs.csproj", "{AEFF6081-9D9D-408C-B932-BF267573AF57}"
EndProject
Project("{FAE04EC0-301F-11D3-BF4B-00C04F79EFBC}") = "AnotherObj", "AnotherObj\AnotherObj.csproj", "{DE892C5E-FF3F-419A-9A05-788E9B5ABE56}"
EndProject
Project("{FAE04EC0-301F-11D3-BF4B-00C04F79EFBC}") = "MethodReload", "MethodReload\MethodReload.csproj", "{26955595-1E7E-4206-A68B-5CFBAF8EA967}"
EndProject
Project("{FAE04EC0-301F-11D3-BF4B-00C04F79EFBC}") = "Constructors", "Constructors\Constructors.csproj", "{B6EEF648-E20B-4E11-BD8B-940D047DC17D}"
EndProject
Project("{FAE04EC0-301F-11D3-BF4B-00C04F79EFBC}") = "Destructor", "Destructor\Destructor.csproj", "{86E1411A-9AE3-403D-A80A-13D8AE6695A0}"
EndProject
Project("{FAE04EC0-301F-11D3-BF4B-00C04F79EFBC}") = "Static", "Static\Static.csproj", "{50D7DE6F-4036-4B37-96CD-F719BC61DBD5}"
EndProject
Project("{FAE04EC0-301F-11D3-BF4B-00C04F79EFBC}") = "StatciDemo", "StatciDemo\StatciDemo.csproj", "{423679EE-E92E-4747-B9DC-086EE6984359}"
EndProject
Project("{FAE04EC0-301F-11D3-BF4B-00C04F79EFBC}") = "UsingThis", "UsingThis\UsingThis.csproj", "{20B2A52F-87E4-40CA-B6BF-735C9D6C975C}"
EndProject
Project("{FAE04EC0-301F-11D3-BF4B-00C04F79EFBC}") = "ConstAndThis", "ConstAndThis\ConstAndThis.csproj", "{3FB19B20-93FA-4EC9-84B3-82A8CD1974C2}"
EndProject
Project("{FAE04EC0-301F-11D3-BF4B-00C04F79EFBC}") = "StringDemo", "StringDemo\StringDemo.csproj", "{01D594C8-8A24-4D5F-B847-C41810CBF3C3}"
EndProject
Project("{FAE04EC0-301F-11D3-BF4B-00C04F79EFBC}") = "IndexingString", "IndexingString\IndexingString.csproj", "{A360F614-8EB4-4C5A-A513-2F54614534B8}"
EndProject
Project("{FAE04EC0-301F-11D3-BF4B-00C04F79EFBC}") = "SearchStringDemo", "SearchStringDemo\SearchStringDemo.csproj", "{7461A572-E2C6-4DCD-A176-420CE3453515}"
EndProject
Project("{FAE04EC0-301F-11D3-BF4B-00C04F79EFBC}") = "ReplaceString", "ReplaceString\ReplaceString.csproj", "{E29F1E94-63B3-4C77-B563-0258746EC785}"
EndProject
Project("{FAE04EC0-301F-11D3-BF4B-00C04F79EFBC}") = "SplittingString", "SplittingString\SplittingString.csproj", "{ACB06F29-8E37-4127-8208-299564919317}"
EndProject
Project("{FAE04EC0-301F-11D3-BF4B-00C04F79EFBC}") = "ToString", "ToString\ToString.csproj", "{851BB01C-A5B8-40F7-A760-E07940AB106B}"
EndProject
Project("{FAE04EC0-301F-11D3-BF4B-00C04F79EFBC}") = "OverloadingOperatorPlus", "OverloadingOperatorPlus\OverloadingOperatorPlus.csproj", "{5A4C52AD-368B-4579-8FCE-F8F613CC1F54}"
EndProject
Project("{FAE04EC0-301F-11D3-BF4B-00C04F79EFBC}") = "MoreOverloading", "MoreOverloading\MoreOverloading.csproj", "{CEE044DA-66A9-4DD5-916A-0D032C4FF4E3}"
EndProject
Project("{FAE04EC0-301F-11D3-BF4B-00C04F79EFBC}") = "OverloadingOperators", "OverloadingOperators\OverloadingOperators.csproj", "{F01C85A5-05BF-4630-997C-1FCB72E9CA80}"
EndProject
Project("{FAE04EC0-301F-11D3-BF4B-00C04F79EFBC}") = "OverloadingCompareOperators", "OverloadingCompareOperators\OverloadingCompareOperators.csproj", "{471E0FA7-7975-4E15-A824-B8392AEFC20A}"
EndProject
Project("{FAE04EC0-301F-11D3-BF4B-00C04F79EFBC}") = "MoreOverloadingComps", "MoreOverloadingComps\MoreOverloadingComps.csproj", "{5A2C820D-A983-41FB-A721-46B7B4F52F82}"
EndProject
Project("{FAE04EC0-301F-11D3-BF4B-00C04F79EFBC}") = "UsingProgs", "UsingProgs\UsingProgs.csproj", "{FF2048D6-E9B0-4267-8A67-6EBD8512C380}"
EndProject
Project("{FAE04EC0-301F-11D3-BF4B-00C04F79EFBC}") = "MoreProps", "MoreProps\MoreProps.csproj", "{CD6DFD79-74F7-4A92-B0AB-7B0D4BF83909}"
EndProject
Project("{FAE04EC0-301F-11D3-BF4B-00C04F79EFBC}") = "WithoutSet", "WithoutSet\WithoutSet.csproj", "{19A93B03-4318-47DC-B56F-2773E2556AEE}"
EndProject
Project("{FAE04EC0-301F-11D3-BF4B-00C04F79EFBC}") = "WithoutGet", "WithoutGet\WithoutGet.csproj", "{72560ED7-8E20-490A-A3FC-AB6E6F14F7A7}"
EndProject
Project("{FAE04EC0-301F-11D3-BF4B-00C04F79EFBC}") = "MoreUsingProps", "MoreUsingProps\MoreUsingProps.csproj", "{035E2463-7DD7-4E61-B205-074D7AE7797B}"
EndProject
Project("{FAE04EC0-301F-11D3-BF4B-00C04F79EFBC}") = "StaticProps", "StaticProps\StaticProps.csproj", "{EBA51189-5995-4AFB-B559-58014D26A683}"
EndProject
Project("{FAE04EC0-301F-11D3-BF4B-00C04F79EFBC}") = "UsingIndexer", "UsingIndexer\UsingIndexer.csproj", "{6A88921C-5BAA-4840-857C-58496CCDDC89}"
EndProject
Project("{FAE04EC0-301F-11D3-BF4B-00C04F79EFBC}") = "MoreIndexer", "MoreIndexer\MoreIndexer.csproj", "{BD757621-28C5-4563-A467-A6089FA18984}"
EndProject
Project("{FAE04EC0-301F-11D3-BF4B-00C04F79EFBC}") = "WithoutSetIndexer", "WithoutSetIndexer\WithoutSetIndexer.csproj", "{CB30AA86-2992-47AD-B9AB-D7DC46A4A661}"
EndProject
Project("{FAE04EC0-301F-11D3-BF4B-00C04F79EFBC}") = "WhithoutGetIndexer", "WhithoutGetIndexer\WhithoutGetIndexer.csproj", "{C7CDF1A6-5F32-43FA-83E1-07995E3ECFF7}"
EndProject
Project("{FAE04EC0-301F-11D3-BF4B-00C04F79EFBC}") = "TwoDimIndexer", "TwoDimIndexer\TwoDimIndexer.csproj", "{80D02904-8E8A-4819-8B19-9F65046381B7}"
EndProject
Project("{FAE04EC0-301F-11D3-BF4B-00C04F79EFBC}") = "UsingTwoDimIndexer", "UsingTwoDimIndexer\UsingTwoDimIndexer.csproj", "{7414A05D-38B4-465B-8EDD-24CF977B9DB2}"
EndProject
Project("{FAE04EC0-301F-11D3-BF4B-00C04F79EFBC}") = "Inherit", "Inherit\Inherit.csproj", "{ABA3EA52-4866-4B4C-8D9F-D927E63519CA}"
EndProject
Project("{FAE04EC0-301F-11D3-BF4B-00C04F79EFBC}") = "PrivateAndProtected", "PrivateAndProtected\PrivateAndProtected.csproj", "{B7EF494E-EE7A-426B-A672-21ED9476417F}"
EndProject
Project("{FAE04EC0-301F-11D3-BF4B-00C04F79EFBC}") = "InheritAndConstr", "InheritAndConstr\InheritAndConstr.csproj", "{4EBA1BA9-BB4F-42D2-BF1C-0105461BDAB8}"
EndProject
Project("{FAE04EC0-301F-11D3-BF4B-00C04F79EFBC}") = "InheritConstrDestr", "InheritConstrDestr\InheritConstrDestr.csproj", "{2DBD23A8-12E0-4A2E-9B24-4348B4353B05}"
EndProject
Project("{FAE04EC0-301F-11D3-BF4B-00C04F79EFBC}") = "BaseObjVar", "BaseObjVar\BaseObjVar.csproj", "{E75AA320-CC6F-48C3-B10D-6B2150D390BA}"
EndProject
Project("{FAE04EC0-301F-11D3-BF4B-00C04F79EFBC}") = "InheritAndHiding", "InheritAndHiding\InheritAndHiding.csproj", "{A86B888F-3328-4D5A-AE10-7B92615A3FD2}"
EndProject
Project("{FAE04EC0-301F-11D3-BF4B-00C04F79EFBC}") = "Overriding", "Overriding\Overriding.csproj", "{2E4FDC02-627B-4A9F-854D-F609321C8D60}"
EndProject
Project("{FAE04EC0-301F-11D3-BF4B-00C04F79EFBC}") = "HidingAndOverriding", "HidingAndOverriding\HidingAndOverriding.csproj", "{24F1C794-3A3C-4066-9766-DE0105A3943B}"
EndProject
Project("{FAE04EC0-301F-11D3-BF4B-00C04F79EFBC}") = "OverloadAndOverride", "OverloadAndOverride\OverloadAndOverride.csproj", "{F800421D-2A4C-419D-9CB6-A4F3F840DA0D}"
EndProject
Project("{FAE04EC0-301F-11D3-BF4B-00C04F79EFBC}") = "InheritPropIndexer", "InheritPropIndexer\InheritPropIndexer.csproj", "{272407E4-EEC9-4C18-9C4A-E8B040E936EF}"
EndProject
Project("{FAE04EC0-301F-11D3-BF4B-00C04F79EFBC}") = "Abstract", "Abstract\Abstract.csproj", "{1FC02327-DCF1-476C-A9FF-3752E470716C}"
EndProject
Project("{FAE04EC0-301F-11D3-BF4B-00C04F79EFBC}") = "AbstrPropAndIndex", "AbstrPropAndIndex\AbstrPropAndIndex.csproj", "{F3C4087B-0C65-45C0-AF3A-20632EFDFEC9}"
EndProject
Project("{FAE04EC0-301F-11D3-BF4B-00C04F79EFBC}") = "Interface", "Interface\Interface.csproj", "{43A92D85-D48C-41AD-8DEE-E5B010442970}"
EndProject
Project("{FAE04EC0-301F-11D3-BF4B-00C04F79EFBC}") = "MoreInterface", "MoreInterface\MoreInterface.csproj", "{1123CB00-BAC3-4FFB-B8BA-801DCC821E70}"
EndProject
Project("{FAE04EC0-301F-11D3-BF4B-00C04F79EFBC}") = "InterfaceVar", "InterfaceVar\InterfaceVar.csproj", "{CDD56073-08A7-43BB-B238-691CDB23A2BB}"
EndProject
Project("{FAE04EC0-301F-11D3-BF4B-00C04F79EFBC}") = "ExplInterface", "ExplInterface\ExplInterface.csproj", "{4911296E-EFFA-44E8-A4F4-0D746123C64A}"
EndProject
Project("{FAE04EC0-301F-11D3-BF4B-00C04F79EFBC}") = "Delegate", "Delegate\Delegate.csproj", "{C1BC35EC-1024-4D5F-AD8A-64A85596B40C}"
EndProject
Project("{FAE04EC0-301F-11D3-BF4B-00C04F79EFBC}") = "MultiCastDelegate", "MultiCastDelegate\MultiCastDelegate.csproj", "{C5A4B1A9-84CD-4999-BF07-D084D124FEA1}"
EndProject
Project("{FAE04EC0-301F-11D3-BF4B-00C04F79EFBC}") = "DelegateAsField", "DelegateAsField\DelegateAsField.csproj", "{EA213E2B-F1BA-4AA2-A956-C0C196F9EFC0}"
EndProject
Project("{FAE04EC0-301F-11D3-BF4B-00C04F79EFBC}") = "DelegateAsArg", "DelegateAsArg\DelegateAsArg.csproj", "{CA4A1E1A-0DA0-4D5E-BA91-3DDCDB980D1F}"
EndProject
Project("{FAE04EC0-301F-11D3-BF4B-00C04F79EFBC}") = "DelegateAsRes", "DelegateAsRes\DelegateAsRes.csproj", "{75176705-98BF-4A9D-9BB2-9C1C53675DC1}"
EndProject
Project("{FAE04EC0-301F-11D3-BF4B-00C04F79EFBC}") = "MethAndObjRefs", "MethAndObjRefs\MethAndObjRefs.csproj", "{4BA66F69-CFE3-42E8-94A9-894F6F99DDE0}"
EndProject
Project("{FAE04EC0-301F-11D3-BF4B-00C04F79EFBC}") = "AnonymousMeth", "AnonymousMeth\AnonymousMeth.csproj", "{B810E49E-43F3-4F7C-BA9B-25539FAE86A2}"
EndProject
Project("{FAE04EC0-301F-11D3-BF4B-00C04F79EFBC}") = "AnonymMethAsArg", "AnonymMethAsArg\AnonymMethAsArg.csproj", "{3FC8604C-8949-4170-9D9F-31D31AF070F6}"
EndProject
Project("{FAE04EC0-301F-11D3-BF4B-00C04F79EFBC}") = "AnonymAsResult", "AnonymAsResult\AnonymAsResult.csproj", "{BEACDAB7-9735-4C3C-9286-4B7C0C3F1F3A}"
EndProject
Project("{FAE04EC0-301F-11D3-BF4B-00C04F79EFBC}") = "MoreAnonymAsResult", "MoreAnonymAsResult\MoreAnonymAsResult.csproj", "{7E4654E8-F5B3-46CF-BE01-7C2B4A3BA1EA}"
EndProject
Project("{FAE04EC0-301F-11D3-BF4B-00C04F79EFBC}") = "Lamda", "Lamda\Lamda.csproj", "{D6878166-A5FF-4DFF-8B51-3377F2098352}"
EndProject
Project("{FAE04EC0-301F-11D3-BF4B-00C04F79EFBC}") = "LamdaAsArg", "LamdaAsArg\LamdaAsArg.csproj", "{E26CE7D2-96F8-41F5-9CF9-D695335D1C04}"
EndProject
Project("{FAE04EC0-301F-11D3-BF4B-00C04F79EFBC}") = "LambdaAsResult", "LambdaAsResult\LambdaAsResult.csproj", "{F31D19B9-C2E0-4C20-8DE5-9CC88AD43163}"
EndProject
Project("{FAE04EC0-301F-11D3-BF4B-00C04F79EFBC}") = "MoreLambdaAsResult", "MoreLambdaAsResult\MoreLambdaAsResult.csproj", "{ACAE4686-7DE6-4155-9381-51EE43C25B8D}"
EndProject
Project("{FAE04EC0-301F-11D3-BF4B-00C04F79EFBC}") = "MoreLambda", "MoreLambda\MoreLambda.csproj", "{463FDA8A-7AD8-4C10-856E-6808BB6BB495}"
EndProject
Project("{FAE04EC0-301F-11D3-BF4B-00C04F79EFBC}") = "Event", "Event\Event.csproj", "{646EB495-F3FD-451E-9672-12F4F94F8CBD}"
EndProject
Project("{FAE04EC0-301F-11D3-BF4B-00C04F79EFBC}") = "EventDemo", "EventDemo\EventDemo.csproj", "{8FA0EB66-E1CC-4022-B846-8509657DDB75}"
EndProject
Project("{FAE04EC0-301F-11D3-BF4B-00C04F79EFBC}") = "Enum", "Enum\Enum.csproj", "{5ED5F1EB-8EAE-4CD7-9ADF-40C53E289F5C}"
EndProject
Project("{FAE04EC0-301F-11D3-BF4B-00C04F79EFBC}") = "Enums", "Enums\Enums.csproj", "{551FA2AF-AC59-42FF-89C1-409CDB89F4F5}"
EndProject
Project("{FAE04EC0-301F-11D3-BF4B-00C04F79EFBC}") = "Struct", "Struct\Struct.csproj", "{85F82020-0A36-40C4-8B1D-AE2D080A7C75}"
EndProject
Project("{FAE04EC0-301F-11D3-BF4B-00C04F79EFBC}") = "ArrayInStruct", "ArrayInStruct\ArrayInStruct.csproj", "{E4605363-275F-4503-B6A0-CCCAA99AE59C}"
EndProject
Project("{FAE04EC0-301F-11D3-BF4B-00C04F79EFBC}") = "StructArray", "StructArray\StructArray.csproj", "{07FFF372-9522-4560-82FE-31B36299785D}"
EndProject
Project("{FAE04EC0-301F-11D3-BF4B-00C04F79EFBC}") = "StructToString", "StructToString\StructToString.csproj", "{BB8A5DBC-7E4E-4D98-9264-D6D0DC285EA9}"
EndProject
Project("{FAE04EC0-301F-11D3-BF4B-00C04F79EFBC}") = "StructAndInProp", "StructAndInProp\StructAndInProp.csproj", "{471AA4EC-1FB3-465D-8B1F-5FE1A5B59BCA}"
EndProject
Project("{FAE04EC0-301F-11D3-BF4B-00C04F79EFBC}") = "StructAsArg", "StructAsArg\StructAsArg.csproj", "{9F6463C8-48D0-4199-97B2-4C5061986D5C}"
EndProject
Project("{FAE04EC0-301F-11D3-BF4B-00C04F79EFBC}") = "StructAsResult", "StructAsResult\StructAsResult.csproj", "{7EB48A38-8C2F-45B3-A8AE-607744AB6804}"
EndProject
Project("{FAE04EC0-301F-11D3-BF4B-00C04F79EFBC}") = "StructAndOperator", "StructAndOperator\StructAndOperator.csproj", "{239044B8-3AB0-4761-855B-0335C97CC575}"
EndProject
Project("{FAE04EC0-301F-11D3-BF4B-00C04F79EFBC}") = "StructAndEvent", "StructAndEvent\StructAndEvent.csproj", "{C461E5EB-1A1F-4A32-BF01-81D9CA8490C1}"
EndProject
Project("{FAE04EC0-301F-11D3-BF4B-00C04F79EFBC}") = "StructAndInterface", "StructAndInterface\StructAndInterface.csproj", "{B6DC4542-444A-47EE-81E4-2B3C27614082}"
EndProject
Project("{FAE04EC0-301F-11D3-BF4B-00C04F79EFBC}") = "Pointers", "Pointers\Pointers.csproj", "{A06D82A7-833E-475B-A014-6749B934EA54}"
EndProject
Project("{FAE04EC0-301F-11D3-BF4B-00C04F79EFBC}") = "MiniArray", "MiniArray\MiniArray.csproj", "{516F9C97-60D5-4656-86E9-AB0A514A0BFF}"
EndProject
Project("{FAE04EC0-301F-11D3-BF4B-00C04F79EFBC}") = "OperationsWithPointers", "OperationsWithPointers\OperationsWithPointers.csproj", "{1F3A9E3C-9631-4A7E-B007-7BA0256482E3}"
EndProject
Project("{FAE04EC0-301F-11D3-BF4B-00C04F79EFBC}") = "StructAndPointers", "StructAndPointers\StructAndPointers.csproj", "{ACB186D5-29DD-4657-BC7C-5F3753EE1C3B}"
EndProject
Global
	GlobalSection(SolutionConfigurationPlatforms) = preSolution
		Debug|Any CPU = Debug|Any CPU
		Release|Any CPU = Release|Any CPU
	EndGlobalSection
	GlobalSection(ProjectConfigurationPlatforms) = postSolution
		{32FABA20-01E6-40FB-A900-71F5F3EEDADA}.Debug|Any CPU.ActiveCfg = Debug|Any CPU
		{32FABA20-01E6-40FB-A900-71F5F3EEDADA}.Debug|Any CPU.Build.0 = Debug|Any CPU
		{32FABA20-01E6-40FB-A900-71F5F3EEDADA}.Release|Any CPU.ActiveCfg = Release|Any CPU
		{32FABA20-01E6-40FB-A900-71F5F3EEDADA}.Release|Any CPU.Build.0 = Release|Any CPU
		{CC8B8F39-4AEE-4777-A57D-D5AB688F5EC0}.Debug|Any CPU.ActiveCfg = Debug|Any CPU
		{CC8B8F39-4AEE-4777-A57D-D5AB688F5EC0}.Debug|Any CPU.Build.0 = Debug|Any CPU
		{CC8B8F39-4AEE-4777-A57D-D5AB688F5EC0}.Release|Any CPU.ActiveCfg = Release|Any CPU
		{CC8B8F39-4AEE-4777-A57D-D5AB688F5EC0}.Release|Any CPU.Build.0 = Release|Any CPU
		{772B10ED-2FA7-4E75-91F8-FE1A145F24E5}.Debug|Any CPU.ActiveCfg = Debug|Any CPU
		{772B10ED-2FA7-4E75-91F8-FE1A145F24E5}.Debug|Any CPU.Build.0 = Debug|Any CPU
		{772B10ED-2FA7-4E75-91F8-FE1A145F24E5}.Release|Any CPU.ActiveCfg = Release|Any CPU
		{772B10ED-2FA7-4E75-91F8-FE1A145F24E5}.Release|Any CPU.Build.0 = Release|Any CPU
		{C5395190-446C-4EC8-8BBC-8DDF975B97BF}.Debug|Any CPU.ActiveCfg = Debug|Any CPU
		{C5395190-446C-4EC8-8BBC-8DDF975B97BF}.Debug|Any CPU.Build.0 = Debug|Any CPU
		{C5395190-446C-4EC8-8BBC-8DDF975B97BF}.Release|Any CPU.ActiveCfg = Release|Any CPU
		{C5395190-446C-4EC8-8BBC-8DDF975B97BF}.Release|Any CPU.Build.0 = Release|Any CPU
		{969D3FB1-EB30-4A7E-9099-531DDD70238D}.Debug|Any CPU.ActiveCfg = Debug|Any CPU
		{969D3FB1-EB30-4A7E-9099-531DDD70238D}.Debug|Any CPU.Build.0 = Debug|Any CPU
		{969D3FB1-EB30-4A7E-9099-531DDD70238D}.Release|Any CPU.ActiveCfg = Release|Any CPU
		{969D3FB1-EB30-4A7E-9099-531DDD70238D}.Release|Any CPU.Build.0 = Release|Any CPU
		{A2AFC4F4-7FBB-424E-913B-8542F574902E}.Debug|Any CPU.ActiveCfg = Debug|Any CPU
		{A2AFC4F4-7FBB-424E-913B-8542F574902E}.Debug|Any CPU.Build.0 = Debug|Any CPU
		{A2AFC4F4-7FBB-424E-913B-8542F574902E}.Release|Any CPU.ActiveCfg = Release|Any CPU
		{A2AFC4F4-7FBB-424E-913B-8542F574902E}.Release|Any CPU.Build.0 = Release|Any CPU
		{BB220025-7C91-4C09-A4ED-C2BE3489413D}.Debug|Any CPU.ActiveCfg = Debug|Any CPU
		{BB220025-7C91-4C09-A4ED-C2BE3489413D}.Debug|Any CPU.Build.0 = Debug|Any CPU
		{BB220025-7C91-4C09-A4ED-C2BE3489413D}.Release|Any CPU.ActiveCfg = Release|Any CPU
		{BB220025-7C91-4C09-A4ED-C2BE3489413D}.Release|Any CPU.Build.0 = Release|Any CPU
		{6E3EA73A-718E-4A9D-BE98-2269242C5FCC}.Debug|Any CPU.ActiveCfg = Debug|Any CPU
		{6E3EA73A-718E-4A9D-BE98-2269242C5FCC}.Debug|Any CPU.Build.0 = Debug|Any CPU
		{6E3EA73A-718E-4A9D-BE98-2269242C5FCC}.Release|Any CPU.ActiveCfg = Release|Any CPU
		{6E3EA73A-718E-4A9D-BE98-2269242C5FCC}.Release|Any CPU.Build.0 = Release|Any CPU
		{1C38CE12-619A-4761-8607-BAE9D7F7C197}.Debug|Any CPU.ActiveCfg = Debug|Any CPU
		{1C38CE12-619A-4761-8607-BAE9D7F7C197}.Debug|Any CPU.Build.0 = Debug|Any CPU
		{1C38CE12-619A-4761-8607-BAE9D7F7C197}.Release|Any CPU.ActiveCfg = Release|Any CPU
		{1C38CE12-619A-4761-8607-BAE9D7F7C197}.Release|Any CPU.Build.0 = Release|Any CPU
		{A8E353E4-ACA3-43CA-A3B0-7D18B0D8E7D2}.Debug|Any CPU.ActiveCfg = Debug|Any CPU
		{A8E353E4-ACA3-43CA-A3B0-7D18B0D8E7D2}.Debug|Any CPU.Build.0 = Debug|Any CPU
		{A8E353E4-ACA3-43CA-A3B0-7D18B0D8E7D2}.Release|Any CPU.ActiveCfg = Release|Any CPU
		{A8E353E4-ACA3-43CA-A3B0-7D18B0D8E7D2}.Release|Any CPU.Build.0 = Release|Any CPU
		{3A563956-8C39-4776-BE5F-D435003DB2EB}.Debug|Any CPU.ActiveCfg = Debug|Any CPU
		{3A563956-8C39-4776-BE5F-D435003DB2EB}.Debug|Any CPU.Build.0 = Debug|Any CPU
		{3A563956-8C39-4776-BE5F-D435003DB2EB}.Release|Any CPU.ActiveCfg = Release|Any CPU
		{3A563956-8C39-4776-BE5F-D435003DB2EB}.Release|Any CPU.Build.0 = Release|Any CPU
		{6C5979DF-B87B-421D-BE25-853CAAEBBC0A}.Debug|Any CPU.ActiveCfg = Debug|Any CPU
		{6C5979DF-B87B-421D-BE25-853CAAEBBC0A}.Debug|Any CPU.Build.0 = Debug|Any CPU
		{6C5979DF-B87B-421D-BE25-853CAAEBBC0A}.Release|Any CPU.ActiveCfg = Release|Any CPU
		{6C5979DF-B87B-421D-BE25-853CAAEBBC0A}.Release|Any CPU.Build.0 = Release|Any CPU
		{27DE1125-E192-4A1C-ABB1-4E3ED8310862}.Debug|Any CPU.ActiveCfg = Debug|Any CPU
		{27DE1125-E192-4A1C-ABB1-4E3ED8310862}.Debug|Any CPU.Build.0 = Debug|Any CPU
		{27DE1125-E192-4A1C-ABB1-4E3ED8310862}.Release|Any CPU.ActiveCfg = Release|Any CPU
		{27DE1125-E192-4A1C-ABB1-4E3ED8310862}.Release|Any CPU.Build.0 = Release|Any CPU
		{CAAA5AB6-F907-4B49-9221-5953A84F5F42}.Debug|Any CPU.ActiveCfg = Debug|Any CPU
		{CAAA5AB6-F907-4B49-9221-5953A84F5F42}.Debug|Any CPU.Build.0 = Debug|Any CPU
		{CAAA5AB6-F907-4B49-9221-5953A84F5F42}.Release|Any CPU.ActiveCfg = Release|Any CPU
		{CAAA5AB6-F907-4B49-9221-5953A84F5F42}.Release|Any CPU.Build.0 = Release|Any CPU
		{22CB4256-92BF-40E2-896A-6D3B2661E415}.Debug|Any CPU.ActiveCfg = Debug|Any CPU
		{22CB4256-92BF-40E2-896A-6D3B2661E415}.Debug|Any CPU.Build.0 = Debug|Any CPU
		{22CB4256-92BF-40E2-896A-6D3B2661E415}.Release|Any CPU.ActiveCfg = Release|Any CPU
		{22CB4256-92BF-40E2-896A-6D3B2661E415}.Release|Any CPU.Build.0 = Release|Any CPU
		{27CC8DA0-4033-4ABD-B7D3-3FBA3320BD87}.Debug|Any CPU.ActiveCfg = Debug|Any CPU
		{27CC8DA0-4033-4ABD-B7D3-3FBA3320BD87}.Debug|Any CPU.Build.0 = Debug|Any CPU
		{27CC8DA0-4033-4ABD-B7D3-3FBA3320BD87}.Release|Any CPU.ActiveCfg = Release|Any CPU
		{27CC8DA0-4033-4ABD-B7D3-3FBA3320BD87}.Release|Any CPU.Build.0 = Release|Any CPU
		{35D3D989-265D-451E-952F-B07BE926D02F}.Debug|Any CPU.ActiveCfg = Debug|Any CPU
		{35D3D989-265D-451E-952F-B07BE926D02F}.Debug|Any CPU.Build.0 = Debug|Any CPU
		{35D3D989-265D-451E-952F-B07BE926D02F}.Release|Any CPU.ActiveCfg = Release|Any CPU
		{35D3D989-265D-451E-952F-B07BE926D02F}.Release|Any CPU.Build.0 = Release|Any CPU
		{B0EC8FE1-AA73-401F-88A3-9F56DC4E9ECF}.Debug|Any CPU.ActiveCfg = Debug|Any CPU
		{B0EC8FE1-AA73-401F-88A3-9F56DC4E9ECF}.Debug|Any CPU.Build.0 = Debug|Any CPU
		{B0EC8FE1-AA73-401F-88A3-9F56DC4E9ECF}.Release|Any CPU.ActiveCfg = Release|Any CPU
		{B0EC8FE1-AA73-401F-88A3-9F56DC4E9ECF}.Release|Any CPU.Build.0 = Release|Any CPU
		{FE5FFF47-4A36-4F29-8281-7A22D59568CB}.Debug|Any CPU.ActiveCfg = Debug|Any CPU
		{FE5FFF47-4A36-4F29-8281-7A22D59568CB}.Debug|Any CPU.Build.0 = Debug|Any CPU
		{FE5FFF47-4A36-4F29-8281-7A22D59568CB}.Release|Any CPU.ActiveCfg = Release|Any CPU
		{FE5FFF47-4A36-4F29-8281-7A22D59568CB}.Release|Any CPU.Build.0 = Release|Any CPU
		{BB0CFA89-8A88-48C0-AD46-81BECB4CAF70}.Debug|Any CPU.ActiveCfg = Debug|Any CPU
		{BB0CFA89-8A88-48C0-AD46-81BECB4CAF70}.Debug|Any CPU.Build.0 = Debug|Any CPU
		{BB0CFA89-8A88-48C0-AD46-81BECB4CAF70}.Release|Any CPU.ActiveCfg = Release|Any CPU
		{BB0CFA89-8A88-48C0-AD46-81BECB4CAF70}.Release|Any CPU.Build.0 = Release|Any CPU
		{106753C3-55B9-4115-AD95-DC638FE95DD7}.Debug|Any CPU.ActiveCfg = Debug|Any CPU
		{106753C3-55B9-4115-AD95-DC638FE95DD7}.Debug|Any CPU.Build.0 = Debug|Any CPU
		{106753C3-55B9-4115-AD95-DC638FE95DD7}.Release|Any CPU.ActiveCfg = Release|Any CPU
		{106753C3-55B9-4115-AD95-DC638FE95DD7}.Release|Any CPU.Build.0 = Release|Any CPU
		{13CBBA20-E4A6-44AB-8515-10AAE189FC3F}.Debug|Any CPU.ActiveCfg = Debug|Any CPU
		{13CBBA20-E4A6-44AB-8515-10AAE189FC3F}.Debug|Any CPU.Build.0 = Debug|Any CPU
		{13CBBA20-E4A6-44AB-8515-10AAE189FC3F}.Release|Any CPU.ActiveCfg = Release|Any CPU
		{13CBBA20-E4A6-44AB-8515-10AAE189FC3F}.Release|Any CPU.Build.0 = Release|Any CPU
		{99106937-461E-4981-BF58-2FA01E65750B}.Debug|Any CPU.ActiveCfg = Debug|Any CPU
		{99106937-461E-4981-BF58-2FA01E65750B}.Debug|Any CPU.Build.0 = Debug|Any CPU
		{99106937-461E-4981-BF58-2FA01E65750B}.Release|Any CPU.ActiveCfg = Release|Any CPU
		{99106937-461E-4981-BF58-2FA01E65750B}.Release|Any CPU.Build.0 = Release|Any CPU
		{F4436DD3-0D3D-4CF9-B1CC-AADC3A7CF06A}.Debug|Any CPU.ActiveCfg = Debug|Any CPU
		{F4436DD3-0D3D-4CF9-B1CC-AADC3A7CF06A}.Debug|Any CPU.Build.0 = Debug|Any CPU
		{F4436DD3-0D3D-4CF9-B1CC-AADC3A7CF06A}.Release|Any CPU.ActiveCfg = Release|Any CPU
		{F4436DD3-0D3D-4CF9-B1CC-AADC3A7CF06A}.Release|Any CPU.Build.0 = Release|Any CPU
		{8A419960-1004-437F-B8F8-11F6CF1951C1}.Debug|Any CPU.ActiveCfg = Debug|Any CPU
		{8A419960-1004-437F-B8F8-11F6CF1951C1}.Debug|Any CPU.Build.0 = Debug|Any CPU
		{8A419960-1004-437F-B8F8-11F6CF1951C1}.Release|Any CPU.ActiveCfg = Release|Any CPU
		{8A419960-1004-437F-B8F8-11F6CF1951C1}.Release|Any CPU.Build.0 = Release|Any CPU
		{420D600F-0DB1-43A6-BB68-200458DBA384}.Debug|Any CPU.ActiveCfg = Debug|Any CPU
		{420D600F-0DB1-43A6-BB68-200458DBA384}.Debug|Any CPU.Build.0 = Debug|Any CPU
		{420D600F-0DB1-43A6-BB68-200458DBA384}.Release|Any CPU.ActiveCfg = Release|Any CPU
		{420D600F-0DB1-43A6-BB68-200458DBA384}.Release|Any CPU.Build.0 = Release|Any CPU
		{04295730-F640-465E-96FD-D4CF1A4A4FAD}.Debug|Any CPU.ActiveCfg = Debug|Any CPU
		{04295730-F640-465E-96FD-D4CF1A4A4FAD}.Debug|Any CPU.Build.0 = Debug|Any CPU
		{04295730-F640-465E-96FD-D4CF1A4A4FAD}.Release|Any CPU.ActiveCfg = Release|Any CPU
		{04295730-F640-465E-96FD-D4CF1A4A4FAD}.Release|Any CPU.Build.0 = Release|Any CPU
		{72AC8903-6DF6-4E1C-A3DF-EA7CC9F11089}.Debug|Any CPU.ActiveCfg = Debug|Any CPU
		{72AC8903-6DF6-4E1C-A3DF-EA7CC9F11089}.Debug|Any CPU.Build.0 = Debug|Any CPU
		{72AC8903-6DF6-4E1C-A3DF-EA7CC9F11089}.Release|Any CPU.ActiveCfg = Release|Any CPU
		{72AC8903-6DF6-4E1C-A3DF-EA7CC9F11089}.Release|Any CPU.Build.0 = Release|Any CPU
		{C05755B0-CA02-4F62-AEFE-82501C627519}.Debug|Any CPU.ActiveCfg = Debug|Any CPU
		{C05755B0-CA02-4F62-AEFE-82501C627519}.Debug|Any CPU.Build.0 = Debug|Any CPU
		{C05755B0-CA02-4F62-AEFE-82501C627519}.Release|Any CPU.ActiveCfg = Release|Any CPU
		{C05755B0-CA02-4F62-AEFE-82501C627519}.Release|Any CPU.Build.0 = Release|Any CPU
		{4E55C592-50F0-4BBB-961C-F95608A25B53}.Debug|Any CPU.ActiveCfg = Debug|Any CPU
		{4E55C592-50F0-4BBB-961C-F95608A25B53}.Debug|Any CPU.Build.0 = Debug|Any CPU
		{4E55C592-50F0-4BBB-961C-F95608A25B53}.Release|Any CPU.ActiveCfg = Release|Any CPU
		{4E55C592-50F0-4BBB-961C-F95608A25B53}.Release|Any CPU.Build.0 = Release|Any CPU
		{6966D3DE-0108-465C-96CE-2D3E9D9A727F}.Debug|Any CPU.ActiveCfg = Debug|Any CPU
		{6966D3DE-0108-465C-96CE-2D3E9D9A727F}.Debug|Any CPU.Build.0 = Debug|Any CPU
		{6966D3DE-0108-465C-96CE-2D3E9D9A727F}.Release|Any CPU.ActiveCfg = Release|Any CPU
		{6966D3DE-0108-465C-96CE-2D3E9D9A727F}.Release|Any CPU.Build.0 = Release|Any CPU
		{F83C9F66-317C-44B8-80EB-364D49FA2815}.Debug|Any CPU.ActiveCfg = Debug|Any CPU
		{F83C9F66-317C-44B8-80EB-364D49FA2815}.Debug|Any CPU.Build.0 = Debug|Any CPU
		{F83C9F66-317C-44B8-80EB-364D49FA2815}.Release|Any CPU.ActiveCfg = Release|Any CPU
		{F83C9F66-317C-44B8-80EB-364D49FA2815}.Release|Any CPU.Build.0 = Release|Any CPU
		{D675E0EA-90FF-45E0-987E-05D5A51C0D65}.Debug|Any CPU.ActiveCfg = Debug|Any CPU
		{D675E0EA-90FF-45E0-987E-05D5A51C0D65}.Debug|Any CPU.Build.0 = Debug|Any CPU
		{D675E0EA-90FF-45E0-987E-05D5A51C0D65}.Release|Any CPU.ActiveCfg = Release|Any CPU
		{D675E0EA-90FF-45E0-987E-05D5A51C0D65}.Release|Any CPU.Build.0 = Release|Any CPU
		{DE189B05-926E-4A04-96D5-584F4C08E390}.Debug|Any CPU.ActiveCfg = Debug|Any CPU
		{DE189B05-926E-4A04-96D5-584F4C08E390}.Debug|Any CPU.Build.0 = Debug|Any CPU
		{DE189B05-926E-4A04-96D5-584F4C08E390}.Release|Any CPU.ActiveCfg = Release|Any CPU
		{DE189B05-926E-4A04-96D5-584F4C08E390}.Release|Any CPU.Build.0 = Release|Any CPU
		{F88FC338-F4C8-4E9F-A979-172DCC8D4E85}.Debug|Any CPU.ActiveCfg = Debug|Any CPU
		{F88FC338-F4C8-4E9F-A979-172DCC8D4E85}.Debug|Any CPU.Build.0 = Debug|Any CPU
		{F88FC338-F4C8-4E9F-A979-172DCC8D4E85}.Release|Any CPU.ActiveCfg = Release|Any CPU
		{F88FC338-F4C8-4E9F-A979-172DCC8D4E85}.Release|Any CPU.Build.0 = Release|Any CPU
		{91536D66-E559-4447-B561-3DE4B96EC983}.Debug|Any CPU.ActiveCfg = Debug|Any CPU
		{91536D66-E559-4447-B561-3DE4B96EC983}.Debug|Any CPU.Build.0 = Debug|Any CPU
		{91536D66-E559-4447-B561-3DE4B96EC983}.Release|Any CPU.ActiveCfg = Release|Any CPU
		{91536D66-E559-4447-B561-3DE4B96EC983}.Release|Any CPU.Build.0 = Release|Any CPU
		{D85B3937-476D-4C2B-9373-D51C450B4C7E}.Debug|Any CPU.ActiveCfg = Debug|Any CPU
		{D85B3937-476D-4C2B-9373-D51C450B4C7E}.Debug|Any CPU.Build.0 = Debug|Any CPU
		{D85B3937-476D-4C2B-9373-D51C450B4C7E}.Release|Any CPU.ActiveCfg = Release|Any CPU
		{D85B3937-476D-4C2B-9373-D51C450B4C7E}.Release|Any CPU.Build.0 = Release|Any CPU
		{99656A0E-35B1-4C4E-AF1B-94A0CF59A6E1}.Debug|Any CPU.ActiveCfg = Debug|Any CPU
		{99656A0E-35B1-4C4E-AF1B-94A0CF59A6E1}.Debug|Any CPU.Build.0 = Debug|Any CPU
		{99656A0E-35B1-4C4E-AF1B-94A0CF59A6E1}.Release|Any CPU.ActiveCfg = Release|Any CPU
		{99656A0E-35B1-4C4E-AF1B-94A0CF59A6E1}.Release|Any CPU.Build.0 = Release|Any CPU
		{EFE48B5F-80F5-415E-AB75-49BB84443248}.Debug|Any CPU.ActiveCfg = Debug|Any CPU
		{EFE48B5F-80F5-415E-AB75-49BB84443248}.Debug|Any CPU.Build.0 = Debug|Any CPU
		{EFE48B5F-80F5-415E-AB75-49BB84443248}.Release|Any CPU.ActiveCfg = Release|Any CPU
		{EFE48B5F-80F5-415E-AB75-49BB84443248}.Release|Any CPU.Build.0 = Release|Any CPU
		{331339B7-58B4-48B3-B211-199D1002BE18}.Debug|Any CPU.ActiveCfg = Debug|Any CPU
		{331339B7-58B4-48B3-B211-199D1002BE18}.Debug|Any CPU.Build.0 = Debug|Any CPU
		{331339B7-58B4-48B3-B211-199D1002BE18}.Release|Any CPU.ActiveCfg = Release|Any CPU
		{331339B7-58B4-48B3-B211-199D1002BE18}.Release|Any CPU.Build.0 = Release|Any CPU
		{9FD33A3F-9D8E-4CCF-BF0B-A20941D1EF03}.Debug|Any CPU.ActiveCfg = Debug|Any CPU
		{9FD33A3F-9D8E-4CCF-BF0B-A20941D1EF03}.Debug|Any CPU.Build.0 = Debug|Any CPU
		{9FD33A3F-9D8E-4CCF-BF0B-A20941D1EF03}.Release|Any CPU.ActiveCfg = Release|Any CPU
		{9FD33A3F-9D8E-4CCF-BF0B-A20941D1EF03}.Release|Any CPU.Build.0 = Release|Any CPU
		{D2B53AE9-6BE8-4F75-A800-9C53E2F2F2E1}.Debug|Any CPU.ActiveCfg = Debug|Any CPU
		{D2B53AE9-6BE8-4F75-A800-9C53E2F2F2E1}.Debug|Any CPU.Build.0 = Debug|Any CPU
		{D2B53AE9-6BE8-4F75-A800-9C53E2F2F2E1}.Release|Any CPU.ActiveCfg = Release|Any CPU
		{D2B53AE9-6BE8-4F75-A800-9C53E2F2F2E1}.Release|Any CPU.Build.0 = Release|Any CPU
		{AEFF6081-9D9D-408C-B932-BF267573AF57}.Debug|Any CPU.ActiveCfg = Debug|Any CPU
		{AEFF6081-9D9D-408C-B932-BF267573AF57}.Debug|Any CPU.Build.0 = Debug|Any CPU
		{AEFF6081-9D9D-408C-B932-BF267573AF57}.Release|Any CPU.ActiveCfg = Release|Any CPU
		{AEFF6081-9D9D-408C-B932-BF267573AF57}.Release|Any CPU.Build.0 = Release|Any CPU
		{DE892C5E-FF3F-419A-9A05-788E9B5ABE56}.Debug|Any CPU.ActiveCfg = Debug|Any CPU
		{DE892C5E-FF3F-419A-9A05-788E9B5ABE56}.Debug|Any CPU.Build.0 = Debug|Any CPU
		{DE892C5E-FF3F-419A-9A05-788E9B5ABE56}.Release|Any CPU.ActiveCfg = Release|Any CPU
		{DE892C5E-FF3F-419A-9A05-788E9B5ABE56}.Release|Any CPU.Build.0 = Release|Any CPU
		{26955595-1E7E-4206-A68B-5CFBAF8EA967}.Debug|Any CPU.ActiveCfg = Debug|Any CPU
		{26955595-1E7E-4206-A68B-5CFBAF8EA967}.Debug|Any CPU.Build.0 = Debug|Any CPU
		{26955595-1E7E-4206-A68B-5CFBAF8EA967}.Release|Any CPU.ActiveCfg = Release|Any CPU
		{26955595-1E7E-4206-A68B-5CFBAF8EA967}.Release|Any CPU.Build.0 = Release|Any CPU
		{B6EEF648-E20B-4E11-BD8B-940D047DC17D}.Debug|Any CPU.ActiveCfg = Debug|Any CPU
		{B6EEF648-E20B-4E11-BD8B-940D047DC17D}.Debug|Any CPU.Build.0 = Debug|Any CPU
		{B6EEF648-E20B-4E11-BD8B-940D047DC17D}.Release|Any CPU.ActiveCfg = Release|Any CPU
		{B6EEF648-E20B-4E11-BD8B-940D047DC17D}.Release|Any CPU.Build.0 = Release|Any CPU
		{86E1411A-9AE3-403D-A80A-13D8AE6695A0}.Debug|Any CPU.ActiveCfg = Debug|Any CPU
		{86E1411A-9AE3-403D-A80A-13D8AE6695A0}.Debug|Any CPU.Build.0 = Debug|Any CPU
		{86E1411A-9AE3-403D-A80A-13D8AE6695A0}.Release|Any CPU.ActiveCfg = Release|Any CPU
		{86E1411A-9AE3-403D-A80A-13D8AE6695A0}.Release|Any CPU.Build.0 = Release|Any CPU
		{50D7DE6F-4036-4B37-96CD-F719BC61DBD5}.Debug|Any CPU.ActiveCfg = Debug|Any CPU
		{50D7DE6F-4036-4B37-96CD-F719BC61DBD5}.Debug|Any CPU.Build.0 = Debug|Any CPU
		{50D7DE6F-4036-4B37-96CD-F719BC61DBD5}.Release|Any CPU.ActiveCfg = Release|Any CPU
		{50D7DE6F-4036-4B37-96CD-F719BC61DBD5}.Release|Any CPU.Build.0 = Release|Any CPU
		{423679EE-E92E-4747-B9DC-086EE6984359}.Debug|Any CPU.ActiveCfg = Debug|Any CPU
		{423679EE-E92E-4747-B9DC-086EE6984359}.Debug|Any CPU.Build.0 = Debug|Any CPU
		{423679EE-E92E-4747-B9DC-086EE6984359}.Release|Any CPU.ActiveCfg = Release|Any CPU
		{423679EE-E92E-4747-B9DC-086EE6984359}.Release|Any CPU.Build.0 = Release|Any CPU
		{20B2A52F-87E4-40CA-B6BF-735C9D6C975C}.Debug|Any CPU.ActiveCfg = Debug|Any CPU
		{20B2A52F-87E4-40CA-B6BF-735C9D6C975C}.Debug|Any CPU.Build.0 = Debug|Any CPU
		{20B2A52F-87E4-40CA-B6BF-735C9D6C975C}.Release|Any CPU.ActiveCfg = Release|Any CPU
		{20B2A52F-87E4-40CA-B6BF-735C9D6C975C}.Release|Any CPU.Build.0 = Release|Any CPU
		{3FB19B20-93FA-4EC9-84B3-82A8CD1974C2}.Debug|Any CPU.ActiveCfg = Debug|Any CPU
		{3FB19B20-93FA-4EC9-84B3-82A8CD1974C2}.Debug|Any CPU.Build.0 = Debug|Any CPU
		{3FB19B20-93FA-4EC9-84B3-82A8CD1974C2}.Release|Any CPU.ActiveCfg = Release|Any CPU
		{3FB19B20-93FA-4EC9-84B3-82A8CD1974C2}.Release|Any CPU.Build.0 = Release|Any CPU
		{01D594C8-8A24-4D5F-B847-C41810CBF3C3}.Debug|Any CPU.ActiveCfg = Debug|Any CPU
		{01D594C8-8A24-4D5F-B847-C41810CBF3C3}.Debug|Any CPU.Build.0 = Debug|Any CPU
		{01D594C8-8A24-4D5F-B847-C41810CBF3C3}.Release|Any CPU.ActiveCfg = Release|Any CPU
		{01D594C8-8A24-4D5F-B847-C41810CBF3C3}.Release|Any CPU.Build.0 = Release|Any CPU
		{A360F614-8EB4-4C5A-A513-2F54614534B8}.Debug|Any CPU.ActiveCfg = Debug|Any CPU
		{A360F614-8EB4-4C5A-A513-2F54614534B8}.Debug|Any CPU.Build.0 = Debug|Any CPU
		{A360F614-8EB4-4C5A-A513-2F54614534B8}.Release|Any CPU.ActiveCfg = Release|Any CPU
		{A360F614-8EB4-4C5A-A513-2F54614534B8}.Release|Any CPU.Build.0 = Release|Any CPU
		{7461A572-E2C6-4DCD-A176-420CE3453515}.Debug|Any CPU.ActiveCfg = Debug|Any CPU
		{7461A572-E2C6-4DCD-A176-420CE3453515}.Debug|Any CPU.Build.0 = Debug|Any CPU
		{7461A572-E2C6-4DCD-A176-420CE3453515}.Release|Any CPU.ActiveCfg = Release|Any CPU
		{7461A572-E2C6-4DCD-A176-420CE3453515}.Release|Any CPU.Build.0 = Release|Any CPU
		{E29F1E94-63B3-4C77-B563-0258746EC785}.Debug|Any CPU.ActiveCfg = Debug|Any CPU
		{E29F1E94-63B3-4C77-B563-0258746EC785}.Debug|Any CPU.Build.0 = Debug|Any CPU
		{E29F1E94-63B3-4C77-B563-0258746EC785}.Release|Any CPU.ActiveCfg = Release|Any CPU
		{E29F1E94-63B3-4C77-B563-0258746EC785}.Release|Any CPU.Build.0 = Release|Any CPU
		{ACB06F29-8E37-4127-8208-299564919317}.Debug|Any CPU.ActiveCfg = Debug|Any CPU
		{ACB06F29-8E37-4127-8208-299564919317}.Debug|Any CPU.Build.0 = Debug|Any CPU
		{ACB06F29-8E37-4127-8208-299564919317}.Release|Any CPU.ActiveCfg = Release|Any CPU
		{ACB06F29-8E37-4127-8208-299564919317}.Release|Any CPU.Build.0 = Release|Any CPU
		{851BB01C-A5B8-40F7-A760-E07940AB106B}.Debug|Any CPU.ActiveCfg = Debug|Any CPU
		{851BB01C-A5B8-40F7-A760-E07940AB106B}.Debug|Any CPU.Build.0 = Debug|Any CPU
		{851BB01C-A5B8-40F7-A760-E07940AB106B}.Release|Any CPU.ActiveCfg = Release|Any CPU
		{851BB01C-A5B8-40F7-A760-E07940AB106B}.Release|Any CPU.Build.0 = Release|Any CPU
		{5A4C52AD-368B-4579-8FCE-F8F613CC1F54}.Debug|Any CPU.ActiveCfg = Debug|Any CPU
		{5A4C52AD-368B-4579-8FCE-F8F613CC1F54}.Debug|Any CPU.Build.0 = Debug|Any CPU
		{5A4C52AD-368B-4579-8FCE-F8F613CC1F54}.Release|Any CPU.ActiveCfg = Release|Any CPU
		{5A4C52AD-368B-4579-8FCE-F8F613CC1F54}.Release|Any CPU.Build.0 = Release|Any CPU
		{CEE044DA-66A9-4DD5-916A-0D032C4FF4E3}.Debug|Any CPU.ActiveCfg = Debug|Any CPU
		{CEE044DA-66A9-4DD5-916A-0D032C4FF4E3}.Debug|Any CPU.Build.0 = Debug|Any CPU
		{CEE044DA-66A9-4DD5-916A-0D032C4FF4E3}.Release|Any CPU.ActiveCfg = Release|Any CPU
		{CEE044DA-66A9-4DD5-916A-0D032C4FF4E3}.Release|Any CPU.Build.0 = Release|Any CPU
		{F01C85A5-05BF-4630-997C-1FCB72E9CA80}.Debug|Any CPU.ActiveCfg = Debug|Any CPU
		{F01C85A5-05BF-4630-997C-1FCB72E9CA80}.Debug|Any CPU.Build.0 = Debug|Any CPU
		{F01C85A5-05BF-4630-997C-1FCB72E9CA80}.Release|Any CPU.ActiveCfg = Release|Any CPU
		{F01C85A5-05BF-4630-997C-1FCB72E9CA80}.Release|Any CPU.Build.0 = Release|Any CPU
		{471E0FA7-7975-4E15-A824-B8392AEFC20A}.Debug|Any CPU.ActiveCfg = Debug|Any CPU
		{471E0FA7-7975-4E15-A824-B8392AEFC20A}.Debug|Any CPU.Build.0 = Debug|Any CPU
		{471E0FA7-7975-4E15-A824-B8392AEFC20A}.Release|Any CPU.ActiveCfg = Release|Any CPU
		{471E0FA7-7975-4E15-A824-B8392AEFC20A}.Release|Any CPU.Build.0 = Release|Any CPU
		{5A2C820D-A983-41FB-A721-46B7B4F52F82}.Debug|Any CPU.ActiveCfg = Debug|Any CPU
		{5A2C820D-A983-41FB-A721-46B7B4F52F82}.Debug|Any CPU.Build.0 = Debug|Any CPU
		{5A2C820D-A983-41FB-A721-46B7B4F52F82}.Release|Any CPU.ActiveCfg = Release|Any CPU
		{5A2C820D-A983-41FB-A721-46B7B4F52F82}.Release|Any CPU.Build.0 = Release|Any CPU
		{FF2048D6-E9B0-4267-8A67-6EBD8512C380}.Debug|Any CPU.ActiveCfg = Debug|Any CPU
		{FF2048D6-E9B0-4267-8A67-6EBD8512C380}.Debug|Any CPU.Build.0 = Debug|Any CPU
		{FF2048D6-E9B0-4267-8A67-6EBD8512C380}.Release|Any CPU.ActiveCfg = Release|Any CPU
		{FF2048D6-E9B0-4267-8A67-6EBD8512C380}.Release|Any CPU.Build.0 = Release|Any CPU
		{CD6DFD79-74F7-4A92-B0AB-7B0D4BF83909}.Debug|Any CPU.ActiveCfg = Debug|Any CPU
		{CD6DFD79-74F7-4A92-B0AB-7B0D4BF83909}.Debug|Any CPU.Build.0 = Debug|Any CPU
		{CD6DFD79-74F7-4A92-B0AB-7B0D4BF83909}.Release|Any CPU.ActiveCfg = Release|Any CPU
		{CD6DFD79-74F7-4A92-B0AB-7B0D4BF83909}.Release|Any CPU.Build.0 = Release|Any CPU
		{19A93B03-4318-47DC-B56F-2773E2556AEE}.Debug|Any CPU.ActiveCfg = Debug|Any CPU
		{19A93B03-4318-47DC-B56F-2773E2556AEE}.Debug|Any CPU.Build.0 = Debug|Any CPU
		{19A93B03-4318-47DC-B56F-2773E2556AEE}.Release|Any CPU.ActiveCfg = Release|Any CPU
		{19A93B03-4318-47DC-B56F-2773E2556AEE}.Release|Any CPU.Build.0 = Release|Any CPU
		{72560ED7-8E20-490A-A3FC-AB6E6F14F7A7}.Debug|Any CPU.ActiveCfg = Debug|Any CPU
		{72560ED7-8E20-490A-A3FC-AB6E6F14F7A7}.Debug|Any CPU.Build.0 = Debug|Any CPU
		{72560ED7-8E20-490A-A3FC-AB6E6F14F7A7}.Release|Any CPU.ActiveCfg = Release|Any CPU
		{72560ED7-8E20-490A-A3FC-AB6E6F14F7A7}.Release|Any CPU.Build.0 = Release|Any CPU
		{035E2463-7DD7-4E61-B205-074D7AE7797B}.Debug|Any CPU.ActiveCfg = Debug|Any CPU
		{035E2463-7DD7-4E61-B205-074D7AE7797B}.Debug|Any CPU.Build.0 = Debug|Any CPU
		{035E2463-7DD7-4E61-B205-074D7AE7797B}.Release|Any CPU.ActiveCfg = Release|Any CPU
		{035E2463-7DD7-4E61-B205-074D7AE7797B}.Release|Any CPU.Build.0 = Release|Any CPU
		{EBA51189-5995-4AFB-B559-58014D26A683}.Debug|Any CPU.ActiveCfg = Debug|Any CPU
		{EBA51189-5995-4AFB-B559-58014D26A683}.Debug|Any CPU.Build.0 = Debug|Any CPU
		{EBA51189-5995-4AFB-B559-58014D26A683}.Release|Any CPU.ActiveCfg = Release|Any CPU
		{EBA51189-5995-4AFB-B559-58014D26A683}.Release|Any CPU.Build.0 = Release|Any CPU
		{6A88921C-5BAA-4840-857C-58496CCDDC89}.Debug|Any CPU.ActiveCfg = Debug|Any CPU
		{6A88921C-5BAA-4840-857C-58496CCDDC89}.Debug|Any CPU.Build.0 = Debug|Any CPU
		{6A88921C-5BAA-4840-857C-58496CCDDC89}.Release|Any CPU.ActiveCfg = Release|Any CPU
		{6A88921C-5BAA-4840-857C-58496CCDDC89}.Release|Any CPU.Build.0 = Release|Any CPU
		{BD757621-28C5-4563-A467-A6089FA18984}.Debug|Any CPU.ActiveCfg = Debug|Any CPU
		{BD757621-28C5-4563-A467-A6089FA18984}.Debug|Any CPU.Build.0 = Debug|Any CPU
		{BD757621-28C5-4563-A467-A6089FA18984}.Release|Any CPU.ActiveCfg = Release|Any CPU
		{BD757621-28C5-4563-A467-A6089FA18984}.Release|Any CPU.Build.0 = Release|Any CPU
		{CB30AA86-2992-47AD-B9AB-D7DC46A4A661}.Debug|Any CPU.ActiveCfg = Debug|Any CPU
		{CB30AA86-2992-47AD-B9AB-D7DC46A4A661}.Debug|Any CPU.Build.0 = Debug|Any CPU
		{CB30AA86-2992-47AD-B9AB-D7DC46A4A661}.Release|Any CPU.ActiveCfg = Release|Any CPU
		{CB30AA86-2992-47AD-B9AB-D7DC46A4A661}.Release|Any CPU.Build.0 = Release|Any CPU
		{C7CDF1A6-5F32-43FA-83E1-07995E3ECFF7}.Debug|Any CPU.ActiveCfg = Debug|Any CPU
		{C7CDF1A6-5F32-43FA-83E1-07995E3ECFF7}.Debug|Any CPU.Build.0 = Debug|Any CPU
		{C7CDF1A6-5F32-43FA-83E1-07995E3ECFF7}.Release|Any CPU.ActiveCfg = Release|Any CPU
		{C7CDF1A6-5F32-43FA-83E1-07995E3ECFF7}.Release|Any CPU.Build.0 = Release|Any CPU
		{80D02904-8E8A-4819-8B19-9F65046381B7}.Debug|Any CPU.ActiveCfg = Debug|Any CPU
		{80D02904-8E8A-4819-8B19-9F65046381B7}.Debug|Any CPU.Build.0 = Debug|Any CPU
		{80D02904-8E8A-4819-8B19-9F65046381B7}.Release|Any CPU.ActiveCfg = Release|Any CPU
		{80D02904-8E8A-4819-8B19-9F65046381B7}.Release|Any CPU.Build.0 = Release|Any CPU
		{7414A05D-38B4-465B-8EDD-24CF977B9DB2}.Debug|Any CPU.ActiveCfg = Debug|Any CPU
		{7414A05D-38B4-465B-8EDD-24CF977B9DB2}.Debug|Any CPU.Build.0 = Debug|Any CPU
		{7414A05D-38B4-465B-8EDD-24CF977B9DB2}.Release|Any CPU.ActiveCfg = Release|Any CPU
		{7414A05D-38B4-465B-8EDD-24CF977B9DB2}.Release|Any CPU.Build.0 = Release|Any CPU
		{ABA3EA52-4866-4B4C-8D9F-D927E63519CA}.Debug|Any CPU.ActiveCfg = Debug|Any CPU
		{ABA3EA52-4866-4B4C-8D9F-D927E63519CA}.Debug|Any CPU.Build.0 = Debug|Any CPU
		{ABA3EA52-4866-4B4C-8D9F-D927E63519CA}.Release|Any CPU.ActiveCfg = Release|Any CPU
		{ABA3EA52-4866-4B4C-8D9F-D927E63519CA}.Release|Any CPU.Build.0 = Release|Any CPU
		{B7EF494E-EE7A-426B-A672-21ED9476417F}.Debug|Any CPU.ActiveCfg = Debug|Any CPU
		{B7EF494E-EE7A-426B-A672-21ED9476417F}.Debug|Any CPU.Build.0 = Debug|Any CPU
		{B7EF494E-EE7A-426B-A672-21ED9476417F}.Release|Any CPU.ActiveCfg = Release|Any CPU
		{B7EF494E-EE7A-426B-A672-21ED9476417F}.Release|Any CPU.Build.0 = Release|Any CPU
		{4EBA1BA9-BB4F-42D2-BF1C-0105461BDAB8}.Debug|Any CPU.ActiveCfg = Debug|Any CPU
		{4EBA1BA9-BB4F-42D2-BF1C-0105461BDAB8}.Debug|Any CPU.Build.0 = Debug|Any CPU
		{4EBA1BA9-BB4F-42D2-BF1C-0105461BDAB8}.Release|Any CPU.ActiveCfg = Release|Any CPU
		{4EBA1BA9-BB4F-42D2-BF1C-0105461BDAB8}.Release|Any CPU.Build.0 = Release|Any CPU
		{2DBD23A8-12E0-4A2E-9B24-4348B4353B05}.Debug|Any CPU.ActiveCfg = Debug|Any CPU
		{2DBD23A8-12E0-4A2E-9B24-4348B4353B05}.Debug|Any CPU.Build.0 = Debug|Any CPU
		{2DBD23A8-12E0-4A2E-9B24-4348B4353B05}.Release|Any CPU.ActiveCfg = Release|Any CPU
		{2DBD23A8-12E0-4A2E-9B24-4348B4353B05}.Release|Any CPU.Build.0 = Release|Any CPU
		{E75AA320-CC6F-48C3-B10D-6B2150D390BA}.Debug|Any CPU.ActiveCfg = Debug|Any CPU
		{E75AA320-CC6F-48C3-B10D-6B2150D390BA}.Debug|Any CPU.Build.0 = Debug|Any CPU
		{E75AA320-CC6F-48C3-B10D-6B2150D390BA}.Release|Any CPU.ActiveCfg = Release|Any CPU
		{E75AA320-CC6F-48C3-B10D-6B2150D390BA}.Release|Any CPU.Build.0 = Release|Any CPU
		{A86B888F-3328-4D5A-AE10-7B92615A3FD2}.Debug|Any CPU.ActiveCfg = Debug|Any CPU
		{A86B888F-3328-4D5A-AE10-7B92615A3FD2}.Debug|Any CPU.Build.0 = Debug|Any CPU
		{A86B888F-3328-4D5A-AE10-7B92615A3FD2}.Release|Any CPU.ActiveCfg = Release|Any CPU
		{A86B888F-3328-4D5A-AE10-7B92615A3FD2}.Release|Any CPU.Build.0 = Release|Any CPU
		{2E4FDC02-627B-4A9F-854D-F609321C8D60}.Debug|Any CPU.ActiveCfg = Debug|Any CPU
		{2E4FDC02-627B-4A9F-854D-F609321C8D60}.Debug|Any CPU.Build.0 = Debug|Any CPU
		{2E4FDC02-627B-4A9F-854D-F609321C8D60}.Release|Any CPU.ActiveCfg = Release|Any CPU
		{2E4FDC02-627B-4A9F-854D-F609321C8D60}.Release|Any CPU.Build.0 = Release|Any CPU
		{24F1C794-3A3C-4066-9766-DE0105A3943B}.Debug|Any CPU.ActiveCfg = Debug|Any CPU
		{24F1C794-3A3C-4066-9766-DE0105A3943B}.Debug|Any CPU.Build.0 = Debug|Any CPU
		{24F1C794-3A3C-4066-9766-DE0105A3943B}.Release|Any CPU.ActiveCfg = Release|Any CPU
		{24F1C794-3A3C-4066-9766-DE0105A3943B}.Release|Any CPU.Build.0 = Release|Any CPU
		{F800421D-2A4C-419D-9CB6-A4F3F840DA0D}.Debug|Any CPU.ActiveCfg = Debug|Any CPU
		{F800421D-2A4C-419D-9CB6-A4F3F840DA0D}.Debug|Any CPU.Build.0 = Debug|Any CPU
		{F800421D-2A4C-419D-9CB6-A4F3F840DA0D}.Release|Any CPU.ActiveCfg = Release|Any CPU
		{F800421D-2A4C-419D-9CB6-A4F3F840DA0D}.Release|Any CPU.Build.0 = Release|Any CPU
		{272407E4-EEC9-4C18-9C4A-E8B040E936EF}.Debug|Any CPU.ActiveCfg = Debug|Any CPU
		{272407E4-EEC9-4C18-9C4A-E8B040E936EF}.Debug|Any CPU.Build.0 = Debug|Any CPU
		{272407E4-EEC9-4C18-9C4A-E8B040E936EF}.Release|Any CPU.ActiveCfg = Release|Any CPU
		{272407E4-EEC9-4C18-9C4A-E8B040E936EF}.Release|Any CPU.Build.0 = Release|Any CPU
		{1FC02327-DCF1-476C-A9FF-3752E470716C}.Debug|Any CPU.ActiveCfg = Debug|Any CPU
		{1FC02327-DCF1-476C-A9FF-3752E470716C}.Debug|Any CPU.Build.0 = Debug|Any CPU
		{1FC02327-DCF1-476C-A9FF-3752E470716C}.Release|Any CPU.ActiveCfg = Release|Any CPU
		{1FC02327-DCF1-476C-A9FF-3752E470716C}.Release|Any CPU.Build.0 = Release|Any CPU
		{F3C4087B-0C65-45C0-AF3A-20632EFDFEC9}.Debug|Any CPU.ActiveCfg = Debug|Any CPU
		{F3C4087B-0C65-45C0-AF3A-20632EFDFEC9}.Debug|Any CPU.Build.0 = Debug|Any CPU
		{F3C4087B-0C65-45C0-AF3A-20632EFDFEC9}.Release|Any CPU.ActiveCfg = Release|Any CPU
		{F3C4087B-0C65-45C0-AF3A-20632EFDFEC9}.Release|Any CPU.Build.0 = Release|Any CPU
		{43A92D85-D48C-41AD-8DEE-E5B010442970}.Debug|Any CPU.ActiveCfg = Debug|Any CPU
		{43A92D85-D48C-41AD-8DEE-E5B010442970}.Debug|Any CPU.Build.0 = Debug|Any CPU
		{43A92D85-D48C-41AD-8DEE-E5B010442970}.Release|Any CPU.ActiveCfg = Release|Any CPU
		{43A92D85-D48C-41AD-8DEE-E5B010442970}.Release|Any CPU.Build.0 = Release|Any CPU
		{1123CB00-BAC3-4FFB-B8BA-801DCC821E70}.Debug|Any CPU.ActiveCfg = Debug|Any CPU
		{1123CB00-BAC3-4FFB-B8BA-801DCC821E70}.Debug|Any CPU.Build.0 = Debug|Any CPU
		{1123CB00-BAC3-4FFB-B8BA-801DCC821E70}.Release|Any CPU.ActiveCfg = Release|Any CPU
		{1123CB00-BAC3-4FFB-B8BA-801DCC821E70}.Release|Any CPU.Build.0 = Release|Any CPU
		{CDD56073-08A7-43BB-B238-691CDB23A2BB}.Debug|Any CPU.ActiveCfg = Debug|Any CPU
		{CDD56073-08A7-43BB-B238-691CDB23A2BB}.Debug|Any CPU.Build.0 = Debug|Any CPU
		{CDD56073-08A7-43BB-B238-691CDB23A2BB}.Release|Any CPU.ActiveCfg = Release|Any CPU
		{CDD56073-08A7-43BB-B238-691CDB23A2BB}.Release|Any CPU.Build.0 = Release|Any CPU
		{4911296E-EFFA-44E8-A4F4-0D746123C64A}.Debug|Any CPU.ActiveCfg = Debug|Any CPU
		{4911296E-EFFA-44E8-A4F4-0D746123C64A}.Debug|Any CPU.Build.0 = Debug|Any CPU
		{4911296E-EFFA-44E8-A4F4-0D746123C64A}.Release|Any CPU.ActiveCfg = Release|Any CPU
		{4911296E-EFFA-44E8-A4F4-0D746123C64A}.Release|Any CPU.Build.0 = Release|Any CPU
		{C1BC35EC-1024-4D5F-AD8A-64A85596B40C}.Debug|Any CPU.ActiveCfg = Debug|Any CPU
		{C1BC35EC-1024-4D5F-AD8A-64A85596B40C}.Debug|Any CPU.Build.0 = Debug|Any CPU
		{C1BC35EC-1024-4D5F-AD8A-64A85596B40C}.Release|Any CPU.ActiveCfg = Release|Any CPU
		{C1BC35EC-1024-4D5F-AD8A-64A85596B40C}.Release|Any CPU.Build.0 = Release|Any CPU
		{C5A4B1A9-84CD-4999-BF07-D084D124FEA1}.Debug|Any CPU.ActiveCfg = Debug|Any CPU
		{C5A4B1A9-84CD-4999-BF07-D084D124FEA1}.Debug|Any CPU.Build.0 = Debug|Any CPU
		{C5A4B1A9-84CD-4999-BF07-D084D124FEA1}.Release|Any CPU.ActiveCfg = Release|Any CPU
		{C5A4B1A9-84CD-4999-BF07-D084D124FEA1}.Release|Any CPU.Build.0 = Release|Any CPU
		{EA213E2B-F1BA-4AA2-A956-C0C196F9EFC0}.Debug|Any CPU.ActiveCfg = Debug|Any CPU
		{EA213E2B-F1BA-4AA2-A956-C0C196F9EFC0}.Debug|Any CPU.Build.0 = Debug|Any CPU
		{EA213E2B-F1BA-4AA2-A956-C0C196F9EFC0}.Release|Any CPU.ActiveCfg = Release|Any CPU
		{EA213E2B-F1BA-4AA2-A956-C0C196F9EFC0}.Release|Any CPU.Build.0 = Release|Any CPU
		{CA4A1E1A-0DA0-4D5E-BA91-3DDCDB980D1F}.Debug|Any CPU.ActiveCfg = Debug|Any CPU
		{CA4A1E1A-0DA0-4D5E-BA91-3DDCDB980D1F}.Debug|Any CPU.Build.0 = Debug|Any CPU
		{CA4A1E1A-0DA0-4D5E-BA91-3DDCDB980D1F}.Release|Any CPU.ActiveCfg = Release|Any CPU
		{CA4A1E1A-0DA0-4D5E-BA91-3DDCDB980D1F}.Release|Any CPU.Build.0 = Release|Any CPU
		{75176705-98BF-4A9D-9BB2-9C1C53675DC1}.Debug|Any CPU.ActiveCfg = Debug|Any CPU
		{75176705-98BF-4A9D-9BB2-9C1C53675DC1}.Debug|Any CPU.Build.0 = Debug|Any CPU
		{75176705-98BF-4A9D-9BB2-9C1C53675DC1}.Release|Any CPU.ActiveCfg = Release|Any CPU
		{75176705-98BF-4A9D-9BB2-9C1C53675DC1}.Release|Any CPU.Build.0 = Release|Any CPU
		{4BA66F69-CFE3-42E8-94A9-894F6F99DDE0}.Debug|Any CPU.ActiveCfg = Debug|Any CPU
		{4BA66F69-CFE3-42E8-94A9-894F6F99DDE0}.Debug|Any CPU.Build.0 = Debug|Any CPU
		{4BA66F69-CFE3-42E8-94A9-894F6F99DDE0}.Release|Any CPU.ActiveCfg = Release|Any CPU
		{4BA66F69-CFE3-42E8-94A9-894F6F99DDE0}.Release|Any CPU.Build.0 = Release|Any CPU
		{B810E49E-43F3-4F7C-BA9B-25539FAE86A2}.Debug|Any CPU.ActiveCfg = Debug|Any CPU
		{B810E49E-43F3-4F7C-BA9B-25539FAE86A2}.Debug|Any CPU.Build.0 = Debug|Any CPU
		{B810E49E-43F3-4F7C-BA9B-25539FAE86A2}.Release|Any CPU.ActiveCfg = Release|Any CPU
		{B810E49E-43F3-4F7C-BA9B-25539FAE86A2}.Release|Any CPU.Build.0 = Release|Any CPU
		{3FC8604C-8949-4170-9D9F-31D31AF070F6}.Debug|Any CPU.ActiveCfg = Debug|Any CPU
		{3FC8604C-8949-4170-9D9F-31D31AF070F6}.Debug|Any CPU.Build.0 = Debug|Any CPU
		{3FC8604C-8949-4170-9D9F-31D31AF070F6}.Release|Any CPU.ActiveCfg = Release|Any CPU
		{3FC8604C-8949-4170-9D9F-31D31AF070F6}.Release|Any CPU.Build.0 = Release|Any CPU
		{BEACDAB7-9735-4C3C-9286-4B7C0C3F1F3A}.Debug|Any CPU.ActiveCfg = Debug|Any CPU
		{BEACDAB7-9735-4C3C-9286-4B7C0C3F1F3A}.Debug|Any CPU.Build.0 = Debug|Any CPU
		{BEACDAB7-9735-4C3C-9286-4B7C0C3F1F3A}.Release|Any CPU.ActiveCfg = Release|Any CPU
		{BEACDAB7-9735-4C3C-9286-4B7C0C3F1F3A}.Release|Any CPU.Build.0 = Release|Any CPU
		{7E4654E8-F5B3-46CF-BE01-7C2B4A3BA1EA}.Debug|Any CPU.ActiveCfg = Debug|Any CPU
		{7E4654E8-F5B3-46CF-BE01-7C2B4A3BA1EA}.Debug|Any CPU.Build.0 = Debug|Any CPU
		{7E4654E8-F5B3-46CF-BE01-7C2B4A3BA1EA}.Release|Any CPU.ActiveCfg = Release|Any CPU
		{7E4654E8-F5B3-46CF-BE01-7C2B4A3BA1EA}.Release|Any CPU.Build.0 = Release|Any CPU
		{D6878166-A5FF-4DFF-8B51-3377F2098352}.Debug|Any CPU.ActiveCfg = Debug|Any CPU
		{D6878166-A5FF-4DFF-8B51-3377F2098352}.Debug|Any CPU.Build.0 = Debug|Any CPU
		{D6878166-A5FF-4DFF-8B51-3377F2098352}.Release|Any CPU.ActiveCfg = Release|Any CPU
		{D6878166-A5FF-4DFF-8B51-3377F2098352}.Release|Any CPU.Build.0 = Release|Any CPU
		{E26CE7D2-96F8-41F5-9CF9-D695335D1C04}.Debug|Any CPU.ActiveCfg = Debug|Any CPU
		{E26CE7D2-96F8-41F5-9CF9-D695335D1C04}.Debug|Any CPU.Build.0 = Debug|Any CPU
		{E26CE7D2-96F8-41F5-9CF9-D695335D1C04}.Release|Any CPU.ActiveCfg = Release|Any CPU
		{E26CE7D2-96F8-41F5-9CF9-D695335D1C04}.Release|Any CPU.Build.0 = Release|Any CPU
		{F31D19B9-C2E0-4C20-8DE5-9CC88AD43163}.Debug|Any CPU.ActiveCfg = Debug|Any CPU
		{F31D19B9-C2E0-4C20-8DE5-9CC88AD43163}.Debug|Any CPU.Build.0 = Debug|Any CPU
		{F31D19B9-C2E0-4C20-8DE5-9CC88AD43163}.Release|Any CPU.ActiveCfg = Release|Any CPU
		{F31D19B9-C2E0-4C20-8DE5-9CC88AD43163}.Release|Any CPU.Build.0 = Release|Any CPU
		{ACAE4686-7DE6-4155-9381-51EE43C25B8D}.Debug|Any CPU.ActiveCfg = Debug|Any CPU
		{ACAE4686-7DE6-4155-9381-51EE43C25B8D}.Debug|Any CPU.Build.0 = Debug|Any CPU
		{ACAE4686-7DE6-4155-9381-51EE43C25B8D}.Release|Any CPU.ActiveCfg = Release|Any CPU
		{ACAE4686-7DE6-4155-9381-51EE43C25B8D}.Release|Any CPU.Build.0 = Release|Any CPU
		{463FDA8A-7AD8-4C10-856E-6808BB6BB495}.Debug|Any CPU.ActiveCfg = Debug|Any CPU
		{463FDA8A-7AD8-4C10-856E-6808BB6BB495}.Debug|Any CPU.Build.0 = Debug|Any CPU
		{463FDA8A-7AD8-4C10-856E-6808BB6BB495}.Release|Any CPU.ActiveCfg = Release|Any CPU
		{463FDA8A-7AD8-4C10-856E-6808BB6BB495}.Release|Any CPU.Build.0 = Release|Any CPU
		{646EB495-F3FD-451E-9672-12F4F94F8CBD}.Debug|Any CPU.ActiveCfg = Debug|Any CPU
		{646EB495-F3FD-451E-9672-12F4F94F8CBD}.Debug|Any CPU.Build.0 = Debug|Any CPU
		{646EB495-F3FD-451E-9672-12F4F94F8CBD}.Release|Any CPU.ActiveCfg = Release|Any CPU
		{646EB495-F3FD-451E-9672-12F4F94F8CBD}.Release|Any CPU.Build.0 = Release|Any CPU
		{8FA0EB66-E1CC-4022-B846-8509657DDB75}.Debug|Any CPU.ActiveCfg = Debug|Any CPU
		{8FA0EB66-E1CC-4022-B846-8509657DDB75}.Debug|Any CPU.Build.0 = Debug|Any CPU
		{8FA0EB66-E1CC-4022-B846-8509657DDB75}.Release|Any CPU.ActiveCfg = Release|Any CPU
		{8FA0EB66-E1CC-4022-B846-8509657DDB75}.Release|Any CPU.Build.0 = Release|Any CPU
		{5ED5F1EB-8EAE-4CD7-9ADF-40C53E289F5C}.Debug|Any CPU.ActiveCfg = Debug|Any CPU
		{5ED5F1EB-8EAE-4CD7-9ADF-40C53E289F5C}.Debug|Any CPU.Build.0 = Debug|Any CPU
		{5ED5F1EB-8EAE-4CD7-9ADF-40C53E289F5C}.Release|Any CPU.ActiveCfg = Release|Any CPU
		{5ED5F1EB-8EAE-4CD7-9ADF-40C53E289F5C}.Release|Any CPU.Build.0 = Release|Any CPU
		{551FA2AF-AC59-42FF-89C1-409CDB89F4F5}.Debug|Any CPU.ActiveCfg = Debug|Any CPU
		{551FA2AF-AC59-42FF-89C1-409CDB89F4F5}.Debug|Any CPU.Build.0 = Debug|Any CPU
		{551FA2AF-AC59-42FF-89C1-409CDB89F4F5}.Release|Any CPU.ActiveCfg = Release|Any CPU
		{551FA2AF-AC59-42FF-89C1-409CDB89F4F5}.Release|Any CPU.Build.0 = Release|Any CPU
		{85F82020-0A36-40C4-8B1D-AE2D080A7C75}.Debug|Any CPU.ActiveCfg = Debug|Any CPU
		{85F82020-0A36-40C4-8B1D-AE2D080A7C75}.Debug|Any CPU.Build.0 = Debug|Any CPU
		{85F82020-0A36-40C4-8B1D-AE2D080A7C75}.Release|Any CPU.ActiveCfg = Release|Any CPU
		{85F82020-0A36-40C4-8B1D-AE2D080A7C75}.Release|Any CPU.Build.0 = Release|Any CPU
		{E4605363-275F-4503-B6A0-CCCAA99AE59C}.Debug|Any CPU.ActiveCfg = Debug|Any CPU
		{E4605363-275F-4503-B6A0-CCCAA99AE59C}.Debug|Any CPU.Build.0 = Debug|Any CPU
		{E4605363-275F-4503-B6A0-CCCAA99AE59C}.Release|Any CPU.ActiveCfg = Release|Any CPU
		{E4605363-275F-4503-B6A0-CCCAA99AE59C}.Release|Any CPU.Build.0 = Release|Any CPU
		{07FFF372-9522-4560-82FE-31B36299785D}.Debug|Any CPU.ActiveCfg = Debug|Any CPU
		{07FFF372-9522-4560-82FE-31B36299785D}.Debug|Any CPU.Build.0 = Debug|Any CPU
		{07FFF372-9522-4560-82FE-31B36299785D}.Release|Any CPU.ActiveCfg = Release|Any CPU
		{07FFF372-9522-4560-82FE-31B36299785D}.Release|Any CPU.Build.0 = Release|Any CPU
		{BB8A5DBC-7E4E-4D98-9264-D6D0DC285EA9}.Debug|Any CPU.ActiveCfg = Debug|Any CPU
		{BB8A5DBC-7E4E-4D98-9264-D6D0DC285EA9}.Debug|Any CPU.Build.0 = Debug|Any CPU
		{BB8A5DBC-7E4E-4D98-9264-D6D0DC285EA9}.Release|Any CPU.ActiveCfg = Release|Any CPU
		{BB8A5DBC-7E4E-4D98-9264-D6D0DC285EA9}.Release|Any CPU.Build.0 = Release|Any CPU
		{471AA4EC-1FB3-465D-8B1F-5FE1A5B59BCA}.Debug|Any CPU.ActiveCfg = Debug|Any CPU
		{471AA4EC-1FB3-465D-8B1F-5FE1A5B59BCA}.Debug|Any CPU.Build.0 = Debug|Any CPU
		{471AA4EC-1FB3-465D-8B1F-5FE1A5B59BCA}.Release|Any CPU.ActiveCfg = Release|Any CPU
		{471AA4EC-1FB3-465D-8B1F-5FE1A5B59BCA}.Release|Any CPU.Build.0 = Release|Any CPU
		{9F6463C8-48D0-4199-97B2-4C5061986D5C}.Debug|Any CPU.ActiveCfg = Debug|Any CPU
		{9F6463C8-48D0-4199-97B2-4C5061986D5C}.Debug|Any CPU.Build.0 = Debug|Any CPU
		{9F6463C8-48D0-4199-97B2-4C5061986D5C}.Release|Any CPU.ActiveCfg = Release|Any CPU
		{9F6463C8-48D0-4199-97B2-4C5061986D5C}.Release|Any CPU.Build.0 = Release|Any CPU
		{7EB48A38-8C2F-45B3-A8AE-607744AB6804}.Debug|Any CPU.ActiveCfg = Debug|Any CPU
		{7EB48A38-8C2F-45B3-A8AE-607744AB6804}.Debug|Any CPU.Build.0 = Debug|Any CPU
		{7EB48A38-8C2F-45B3-A8AE-607744AB6804}.Release|Any CPU.ActiveCfg = Release|Any CPU
		{7EB48A38-8C2F-45B3-A8AE-607744AB6804}.Release|Any CPU.Build.0 = Release|Any CPU
		{239044B8-3AB0-4761-855B-0335C97CC575}.Debug|Any CPU.ActiveCfg = Debug|Any CPU
		{239044B8-3AB0-4761-855B-0335C97CC575}.Debug|Any CPU.Build.0 = Debug|Any CPU
		{239044B8-3AB0-4761-855B-0335C97CC575}.Release|Any CPU.ActiveCfg = Release|Any CPU
		{239044B8-3AB0-4761-855B-0335C97CC575}.Release|Any CPU.Build.0 = Release|Any CPU
		{C461E5EB-1A1F-4A32-BF01-81D9CA8490C1}.Debug|Any CPU.ActiveCfg = Debug|Any CPU
		{C461E5EB-1A1F-4A32-BF01-81D9CA8490C1}.Debug|Any CPU.Build.0 = Debug|Any CPU
		{C461E5EB-1A1F-4A32-BF01-81D9CA8490C1}.Release|Any CPU.ActiveCfg = Release|Any CPU
		{C461E5EB-1A1F-4A32-BF01-81D9CA8490C1}.Release|Any CPU.Build.0 = Release|Any CPU
		{B6DC4542-444A-47EE-81E4-2B3C27614082}.Debug|Any CPU.ActiveCfg = Debug|Any CPU
		{B6DC4542-444A-47EE-81E4-2B3C27614082}.Debug|Any CPU.Build.0 = Debug|Any CPU
		{B6DC4542-444A-47EE-81E4-2B3C27614082}.Release|Any CPU.ActiveCfg = Release|Any CPU
		{B6DC4542-444A-47EE-81E4-2B3C27614082}.Release|Any CPU.Build.0 = Release|Any CPU
		{A06D82A7-833E-475B-A014-6749B934EA54}.Debug|Any CPU.ActiveCfg = Debug|Any CPU
		{A06D82A7-833E-475B-A014-6749B934EA54}.Debug|Any CPU.Build.0 = Debug|Any CPU
		{A06D82A7-833E-475B-A014-6749B934EA54}.Release|Any CPU.ActiveCfg = Release|Any CPU
		{A06D82A7-833E-475B-A014-6749B934EA54}.Release|Any CPU.Build.0 = Release|Any CPU
		{516F9C97-60D5-4656-86E9-AB0A514A0BFF}.Debug|Any CPU.ActiveCfg = Debug|Any CPU
		{516F9C97-60D5-4656-86E9-AB0A514A0BFF}.Debug|Any CPU.Build.0 = Debug|Any CPU
		{516F9C97-60D5-4656-86E9-AB0A514A0BFF}.Release|Any CPU.ActiveCfg = Release|Any CPU
		{516F9C97-60D5-4656-86E9-AB0A514A0BFF}.Release|Any CPU.Build.0 = Release|Any CPU
		{1F3A9E3C-9631-4A7E-B007-7BA0256482E3}.Debug|Any CPU.ActiveCfg = Debug|Any CPU
		{1F3A9E3C-9631-4A7E-B007-7BA0256482E3}.Debug|Any CPU.Build.0 = Debug|Any CPU
		{1F3A9E3C-9631-4A7E-B007-7BA0256482E3}.Release|Any CPU.ActiveCfg = Release|Any CPU
		{1F3A9E3C-9631-4A7E-B007-7BA0256482E3}.Release|Any CPU.Build.0 = Release|Any CPU
		{ACB186D5-29DD-4657-BC7C-5F3753EE1C3B}.Debug|Any CPU.ActiveCfg = Debug|Any CPU
		{ACB186D5-29DD-4657-BC7C-5F3753EE1C3B}.Debug|Any CPU.Build.0 = Debug|Any CPU
		{ACB186D5-29DD-4657-BC7C-5F3753EE1C3B}.Release|Any CPU.ActiveCfg = Release|Any CPU
		{ACB186D5-29DD-4657-BC7C-5F3753EE1C3B}.Release|Any CPU.Build.0 = Release|Any CPU
	EndGlobalSection
	GlobalSection(SolutionProperties) = preSolution
		HideSolutionNode = FALSE
	EndGlobalSection
	GlobalSection(ExtensibilityGlobals) = postSolution
		SolutionGuid = {20457A80-5982-44A1-8CF0-B41E3A893539}
	EndGlobalSection
EndGlobal
